// !$*UTF8*$!
{
	archiveVersion = 1;
	classes = {
	};
	objectVersion = 51;
	objects = {

/* Begin PBXBuildFile section */
		2787CCFF9D71C8076D623B27 /* Pods_SuperApp.framework in Frameworks */ = {isa = PBXBuildFile; fileRef = 5118EC7AB3705255DC4F7C7D /* Pods_SuperApp.framework */; };
		83FE7C124AB515B6DE877805 /* Pods_SuperAppTests.framework in Frameworks */ = {isa = PBXBuildFile; fileRef = CA85F189176DFE6E09281F2F /* Pods_SuperAppTests.framework */; };
		BB6E11BF261CA76000EC5C97 /* AppDelegate.swift in Sources */ = {isa = PBXBuildFile; fileRef = BB6E11BE261CA76000EC5C97 /* AppDelegate.swift */; };
		BB6E11C1261CA76000EC5C97 /* SceneDelegate.swift in Sources */ = {isa = PBXBuildFile; fileRef = BB6E11C0261CA76000EC5C97 /* SceneDelegate.swift */; };
		BB6E11C3261CA76000EC5C97 /* ViewController.swift in Sources */ = {isa = PBXBuildFile; fileRef = BB6E11C2261CA76000EC5C97 /* ViewController.swift */; };
		BB6E11C6261CA76000EC5C97 /* Main.storyboard in Resources */ = {isa = PBXBuildFile; fileRef = BB6E11C4261CA76000EC5C97 /* Main.storyboard */; };
		BB6E11C9261CA76000EC5C97 /* Mod02.xcdatamodeld in Sources */ = {isa = PBXBuildFile; fileRef = BB6E11C7261CA76000EC5C97 /* Mod02.xcdatamodeld */; };
		BB6E11CB261CA76600EC5C97 /* Assets.xcassets in Resources */ = {isa = PBXBuildFile; fileRef = BB6E11CA261CA76600EC5C97 /* Assets.xcassets */; };
		BB6E11CE261CA76600EC5C97 /* LaunchScreen.storyboard in Resources */ = {isa = PBXBuildFile; fileRef = BB6E11CC261CA76600EC5C97 /* LaunchScreen.storyboard */; };
		BB6E11D9261CA76600EC5C97 /* SuperAppTests.swift in Sources */ = {isa = PBXBuildFile; fileRef = BB6E11D8261CA76600EC5C97 /* SuperAppTests.swift */; };
		BB6E11E4261CA76600EC5C97 /* SuperAppUITests.swift in Sources */ = {isa = PBXBuildFile; fileRef = BB6E11E3261CA76600EC5C97 /* SuperAppUITests.swift */; };
		BB6E11FC261CA82400EC5C97 /* ViewEveris.xib in Resources */ = {isa = PBXBuildFile; fileRef = BB6E11FB261CA82400EC5C97 /* ViewEveris.xib */; };
		BB6E1201261CA83600EC5C97 /* ViewEveris.swift in Sources */ = {isa = PBXBuildFile; fileRef = BB6E1200261CA83600EC5C97 /* ViewEveris.swift */; };
		BB6E1214261CD63C00EC5C97 /* TituloEveris.xib in Resources */ = {isa = PBXBuildFile; fileRef = BB6E1213261CD63C00EC5C97 /* TituloEveris.xib */; };
		BB6E1219261CD64C00EC5C97 /* TituloEveris.swift in Sources */ = {isa = PBXBuildFile; fileRef = BB6E1218261CD64C00EC5C97 /* TituloEveris.swift */; };
		BB885ED5261FA8C900D9D8F5 /* TituloModeloUI.swift in Sources */ = {isa = PBXBuildFile; fileRef = BB885ED4261FA8C900D9D8F5 /* TituloModeloUI.swift */; };
		BB885EDE261FA97400D9D8F5 /* TituloEverisProtocols.swift in Sources */ = {isa = PBXBuildFile; fileRef = BB885EDD261FA97400D9D8F5 /* TituloEverisProtocols.swift */; };
		F9B372098AB80C6C7B16694D /* Pods_SuperApp_SuperAppUITests.framework in Frameworks */ = {isa = PBXBuildFile; fileRef = 943D36E64C9D963F693AC60E /* Pods_SuperApp_SuperAppUITests.framework */; };
/* End PBXBuildFile section */

/* Begin PBXContainerItemProxy section */
		BB6E11D5261CA76600EC5C97 /* PBXContainerItemProxy */ = {
			isa = PBXContainerItemProxy;
			containerPortal = BB6E11B3261CA76000EC5C97 /* Project object */;
			proxyType = 1;
			remoteGlobalIDString = BB6E11BA261CA76000EC5C97;
			remoteInfo = Mod02;
		};
		BB6E11E0261CA76600EC5C97 /* PBXContainerItemProxy */ = {
			isa = PBXContainerItemProxy;
			containerPortal = BB6E11B3261CA76000EC5C97 /* Project object */;
			proxyType = 1;
			remoteGlobalIDString = BB6E11BA261CA76000EC5C97;
			remoteInfo = Mod02;
		};
/* End PBXContainerItemProxy section */

/* Begin PBXFileReference section */
		0A988D8098E46EF555A77608 /* Pods-SuperAppTests.debug.xcconfig */ = {isa = PBXFileReference; includeInIndex = 1; lastKnownFileType = text.xcconfig; name = "Pods-SuperAppTests.debug.xcconfig"; path = "Target Support Files/Pods-SuperAppTests/Pods-SuperAppTests.debug.xcconfig"; sourceTree = "<group>"; };
		23904671BF33942DF07FACBD /* Pods-SuperApp-SuperAppUITests.debug.xcconfig */ = {isa = PBXFileReference; includeInIndex = 1; lastKnownFileType = text.xcconfig; name = "Pods-SuperApp-SuperAppUITests.debug.xcconfig"; path = "Target Support Files/Pods-SuperApp-SuperAppUITests/Pods-SuperApp-SuperAppUITests.debug.xcconfig"; sourceTree = "<group>"; };
		32ED1948C1EE478835FA8F6F /* Pods-SuperApp.release.xcconfig */ = {isa = PBXFileReference; includeInIndex = 1; lastKnownFileType = text.xcconfig; name = "Pods-SuperApp.release.xcconfig"; path = "Target Support Files/Pods-SuperApp/Pods-SuperApp.release.xcconfig"; sourceTree = "<group>"; };
		353A09D61859F38DED284569 /* Pods-SuperAppTests.release.xcconfig */ = {isa = PBXFileReference; includeInIndex = 1; lastKnownFileType = text.xcconfig; name = "Pods-SuperAppTests.release.xcconfig"; path = "Target Support Files/Pods-SuperAppTests/Pods-SuperAppTests.release.xcconfig"; sourceTree = "<group>"; };
		5118EC7AB3705255DC4F7C7D /* Pods_SuperApp.framework */ = {isa = PBXFileReference; explicitFileType = wrapper.framework; includeInIndex = 0; path = Pods_SuperApp.framework; sourceTree = BUILT_PRODUCTS_DIR; };
		943D36E64C9D963F693AC60E /* Pods_SuperApp_SuperAppUITests.framework */ = {isa = PBXFileReference; explicitFileType = wrapper.framework; includeInIndex = 0; path = Pods_SuperApp_SuperAppUITests.framework; sourceTree = BUILT_PRODUCTS_DIR; };
		BB6E11BB261CA76000EC5C97 /* SuperApp.app */ = {isa = PBXFileReference; explicitFileType = wrapper.application; includeInIndex = 0; name = SuperApp.app; path = "/Users/hrmelo/Desktop/component/basecomp/build/Debug-iphoneos/SuperApp.app"; sourceTree = "<absolute>"; };
		BB6E11BE261CA76000EC5C97 /* AppDelegate.swift */ = {isa = PBXFileReference; lastKnownFileType = sourcecode.swift; path = AppDelegate.swift; sourceTree = "<group>"; };
		BB6E11C0261CA76000EC5C97 /* SceneDelegate.swift */ = {isa = PBXFileReference; lastKnownFileType = sourcecode.swift; path = SceneDelegate.swift; sourceTree = "<group>"; };
		BB6E11C2261CA76000EC5C97 /* ViewController.swift */ = {isa = PBXFileReference; lastKnownFileType = sourcecode.swift; path = ViewController.swift; sourceTree = "<group>"; };
		BB6E11C5261CA76000EC5C97 /* Base */ = {isa = PBXFileReference; lastKnownFileType = file.storyboard; name = Base; path = Base.lproj/Main.storyboard; sourceTree = "<group>"; };
		BB6E11C8261CA76000EC5C97 /* Mod02.xcdatamodel */ = {isa = PBXFileReference; lastKnownFileType = wrapper.xcdatamodel; path = Mod02.xcdatamodel; sourceTree = "<group>"; };
		BB6E11CA261CA76600EC5C97 /* Assets.xcassets */ = {isa = PBXFileReference; lastKnownFileType = folder.assetcatalog; path = Assets.xcassets; sourceTree = "<group>"; };
		BB6E11CD261CA76600EC5C97 /* Base */ = {isa = PBXFileReference; lastKnownFileType = file.storyboard; name = Base; path = Base.lproj/LaunchScreen.storyboard; sourceTree = "<group>"; };
		BB6E11CF261CA76600EC5C97 /* Info.plist */ = {isa = PBXFileReference; lastKnownFileType = text.plist.xml; path = Info.plist; sourceTree = "<group>"; };
		BB6E11D4261CA76600EC5C97 /* SuperAppTests.xctest */ = {isa = PBXFileReference; explicitFileType = wrapper.cfbundle; includeInIndex = 0; name = SuperAppTests.xctest; path = "/Users/hrmelo/Desktop/component/basecomp/build/Debug-iphoneos/SuperAppTests.xctest"; sourceTree = "<absolute>"; };
		BB6E11D8261CA76600EC5C97 /* SuperAppTests.swift */ = {isa = PBXFileReference; lastKnownFileType = sourcecode.swift; path = SuperAppTests.swift; sourceTree = "<group>"; };
		BB6E11DA261CA76600EC5C97 /* Info.plist */ = {isa = PBXFileReference; lastKnownFileType = text.plist.xml; path = Info.plist; sourceTree = "<group>"; };
		BB6E11DF261CA76600EC5C97 /* SuperAppUITests.xctest */ = {isa = PBXFileReference; explicitFileType = wrapper.cfbundle; includeInIndex = 0; name = SuperAppUITests.xctest; path = "/Users/hrmelo/Desktop/component/basecomp/build/Debug-iphoneos/SuperAppUITests.xctest"; sourceTree = "<absolute>"; };
		BB6E11E3261CA76600EC5C97 /* SuperAppUITests.swift */ = {isa = PBXFileReference; lastKnownFileType = sourcecode.swift; path = SuperAppUITests.swift; sourceTree = "<group>"; };
		BB6E11E5261CA76600EC5C97 /* Info.plist */ = {isa = PBXFileReference; lastKnownFileType = text.plist.xml; path = Info.plist; sourceTree = "<group>"; };
		BB6E11FB261CA82400EC5C97 /* ViewEveris.xib */ = {isa = PBXFileReference; lastKnownFileType = file.xib; path = ViewEveris.xib; sourceTree = "<group>"; };
		BB6E1200261CA83600EC5C97 /* ViewEveris.swift */ = {isa = PBXFileReference; lastKnownFileType = sourcecode.swift; path = ViewEveris.swift; sourceTree = "<group>"; };
		BB6E1213261CD63C00EC5C97 /* TituloEveris.xib */ = {isa = PBXFileReference; lastKnownFileType = file.xib; path = TituloEveris.xib; sourceTree = "<group>"; };
		BB6E1218261CD64C00EC5C97 /* TituloEveris.swift */ = {isa = PBXFileReference; lastKnownFileType = sourcecode.swift; path = TituloEveris.swift; sourceTree = "<group>"; };
		BB885ED4261FA8C900D9D8F5 /* TituloModeloUI.swift */ = {isa = PBXFileReference; lastKnownFileType = sourcecode.swift; path = TituloModeloUI.swift; sourceTree = "<group>"; };
		BB885EDD261FA97400D9D8F5 /* TituloEverisProtocols.swift */ = {isa = PBXFileReference; lastKnownFileType = sourcecode.swift; path = TituloEverisProtocols.swift; sourceTree = "<group>"; };
		CA85F189176DFE6E09281F2F /* Pods_SuperAppTests.framework */ = {isa = PBXFileReference; explicitFileType = wrapper.framework; includeInIndex = 0; path = Pods_SuperAppTests.framework; sourceTree = BUILT_PRODUCTS_DIR; };
		CD5996085EFB50EE34C99768 /* Pods-SuperApp-SuperAppUITests.release.xcconfig */ = {isa = PBXFileReference; includeInIndex = 1; lastKnownFileType = text.xcconfig; name = "Pods-SuperApp-SuperAppUITests.release.xcconfig"; path = "Target Support Files/Pods-SuperApp-SuperAppUITests/Pods-SuperApp-SuperAppUITests.release.xcconfig"; sourceTree = "<group>"; };
		D5503E5E96656467F4D2FB2E /* Pods-SuperApp.debug.xcconfig */ = {isa = PBXFileReference; includeInIndex = 1; lastKnownFileType = text.xcconfig; name = "Pods-SuperApp.debug.xcconfig"; path = "Target Support Files/Pods-SuperApp/Pods-SuperApp.debug.xcconfig"; sourceTree = "<group>"; };
/* End PBXFileReference section */

/* Begin PBXFrameworksBuildPhase section */
		BB6E11B8261CA76000EC5C97 /* Frameworks */ = {
			isa = PBXFrameworksBuildPhase;
			buildActionMask = 2147483647;
			files = (
				2787CCFF9D71C8076D623B27 /* Pods_SuperApp.framework in Frameworks */,
			);
			runOnlyForDeploymentPostprocessing = 0;
		};
		BB6E11D1261CA76600EC5C97 /* Frameworks */ = {
			isa = PBXFrameworksBuildPhase;
			buildActionMask = 2147483647;
			files = (
				83FE7C124AB515B6DE877805 /* Pods_SuperAppTests.framework in Frameworks */,
			);
			runOnlyForDeploymentPostprocessing = 0;
		};
		BB6E11DC261CA76600EC5C97 /* Frameworks */ = {
			isa = PBXFrameworksBuildPhase;
			buildActionMask = 2147483647;
			files = (
				F9B372098AB80C6C7B16694D /* Pods_SuperApp_SuperAppUITests.framework in Frameworks */,
			);
			runOnlyForDeploymentPostprocessing = 0;
		};
/* End PBXFrameworksBuildPhase section */

/* Begin PBXGroup section */
		0339844C38168304E9AD5C5D /* Pods */ = {
			isa = PBXGroup;
			children = (
				D5503E5E96656467F4D2FB2E /* Pods-SuperApp.debug.xcconfig */,
				32ED1948C1EE478835FA8F6F /* Pods-SuperApp.release.xcconfig */,
				23904671BF33942DF07FACBD /* Pods-SuperApp-SuperAppUITests.debug.xcconfig */,
				CD5996085EFB50EE34C99768 /* Pods-SuperApp-SuperAppUITests.release.xcconfig */,
				0A988D8098E46EF555A77608 /* Pods-SuperAppTests.debug.xcconfig */,
				353A09D61859F38DED284569 /* Pods-SuperAppTests.release.xcconfig */,
			);
			path = Pods;
			sourceTree = "<group>";
		};
		A52BE7F97EB85492E8418E0E /* Frameworks */ = {
			isa = PBXGroup;
			children = (
				5118EC7AB3705255DC4F7C7D /* Pods_SuperApp.framework */,
				943D36E64C9D963F693AC60E /* Pods_SuperApp_SuperAppUITests.framework */,
				CA85F189176DFE6E09281F2F /* Pods_SuperAppTests.framework */,
			);
			name = Frameworks;
			sourceTree = "<group>";
		};
		BB6E11B2261CA76000EC5C97 = {
			isa = PBXGroup;
			children = (
				BB6E11BD261CA76000EC5C97 /* SuperApp */,
				BB6E11D7261CA76600EC5C97 /* SuperAppTests */,
				BB6E11E2261CA76600EC5C97 /* SuperAppUITests */,
				0339844C38168304E9AD5C5D /* Pods */,
				A52BE7F97EB85492E8418E0E /* Frameworks */,
			);
			sourceTree = "<group>";
		};
		BB6E11BD261CA76000EC5C97 /* SuperApp */ = {
			isa = PBXGroup;
			children = (
				BB6E11F6261CA79300EC5C97 /* Controller */,
				BB6E11F5261CA78E00EC5C97 /* View */,
				BB6E11FA261CA79B00EC5C97 /* ViewModel */,
				BB6E11F4261CA78800EC5C97 /* Model */,
				BB6E11BE261CA76000EC5C97 /* AppDelegate.swift */,
				BB6E11C0261CA76000EC5C97 /* SceneDelegate.swift */,
				BB6E11CF261CA76600EC5C97 /* Info.plist */,
				BB6E11C7261CA76000EC5C97 /* Mod02.xcdatamodeld */,
			);
			path = SuperApp;
			sourceTree = "<group>";
		};
		BB6E11D7261CA76600EC5C97 /* SuperAppTests */ = {
			isa = PBXGroup;
			children = (
				BB6E11D8261CA76600EC5C97 /* SuperAppTests.swift */,
				BB6E11DA261CA76600EC5C97 /* Info.plist */,
			);
			path = SuperAppTests;
			sourceTree = "<group>";
		};
		BB6E11E2261CA76600EC5C97 /* SuperAppUITests */ = {
			isa = PBXGroup;
			children = (
				BB6E11E3261CA76600EC5C97 /* SuperAppUITests.swift */,
				BB6E11E5261CA76600EC5C97 /* Info.plist */,
			);
			path = SuperAppUITests;
			sourceTree = "<group>";
		};
		BB6E11F4261CA78800EC5C97 /* Model */ = {
			isa = PBXGroup;
			children = (
			);
			path = Model;
			sourceTree = "<group>";
		};
		BB6E11F5261CA78E00EC5C97 /* View */ = {
			isa = PBXGroup;
			children = (
				BB6E1205261CA85100EC5C97 /* Component */,
				BB6E11CA261CA76600EC5C97 /* Assets.xcassets */,
				BB6E11CC261CA76600EC5C97 /* LaunchScreen.storyboard */,
				BB6E11C4261CA76000EC5C97 /* Main.storyboard */,
			);
			path = View;
			sourceTree = "<group>";
		};
		BB6E11F6261CA79300EC5C97 /* Controller */ = {
			isa = PBXGroup;
			children = (
				BB6E11C2261CA76000EC5C97 /* ViewController.swift */,
			);
			path = Controller;
			sourceTree = "<group>";
		};
		BB6E11FA261CA79B00EC5C97 /* ViewModel */ = {
			isa = PBXGroup;
			children = (
			);
			path = ViewModel;
			sourceTree = "<group>";
		};
		BB6E1205261CA85100EC5C97 /* Component */ = {
			isa = PBXGroup;
			children = (
				BB885ED0261FA87000D9D8F5 /* TituloEveris */,
				BB6E11FB261CA82400EC5C97 /* ViewEveris.xib */,
				BB6E1200261CA83600EC5C97 /* ViewEveris.swift */,
			);
			path = Component;
			sourceTree = "<group>";
		};
		BB885ED0261FA87000D9D8F5 /* TituloEveris */ = {
			isa = PBXGroup;
			children = (
				BB885ED3261FA89B00D9D8F5 /* Controller */,
				BB885ED2261FA89200D9D8F5 /* View */,
				BB885ED1261FA88000D9D8F5 /* ViewModel */,
				BB885EDC261FA91100D9D8F5 /* Protocol */,
			);
			path = TituloEveris;
			sourceTree = "<group>";
		};
		BB885ED1261FA88000D9D8F5 /* ViewModel */ = {
			isa = PBXGroup;
			children = (
				BB885ED4261FA8C900D9D8F5 /* TituloModeloUI.swift */,
			);
			path = ViewModel;
			sourceTree = "<group>";
		};
		BB885ED2261FA89200D9D8F5 /* View */ = {
			isa = PBXGroup;
			children = (
				BB6E1213261CD63C00EC5C97 /* TituloEveris.xib */,
			);
			path = View;
			sourceTree = "<group>";
		};
		BB885ED3261FA89B00D9D8F5 /* Controller */ = {
			isa = PBXGroup;
			children = (
				BB6E1218261CD64C00EC5C97 /* TituloEveris.swift */,
			);
			path = Controller;
			sourceTree = "<group>";
		};
		BB885EDC261FA91100D9D8F5 /* Protocol */ = {
			isa = PBXGroup;
			children = (
				BB885EDD261FA97400D9D8F5 /* TituloEverisProtocols.swift */,
			);
			path = Protocol;
			sourceTree = "<group>";
		};
/* End PBXGroup section */

/* Begin PBXNativeTarget section */
		BB6E11BA261CA76000EC5C97 /* SuperApp */ = {
			isa = PBXNativeTarget;
			buildConfigurationList = BB6E11E8261CA76600EC5C97 /* Build configuration list for PBXNativeTarget "SuperApp" */;
			buildPhases = (
				544A87F1F4B8A56D8FB3CC89 /* [CP] Check Pods Manifest.lock */,
				BB6E11B7261CA76000EC5C97 /* Sources */,
				BB6E11B8261CA76000EC5C97 /* Frameworks */,
				BB6E11B9261CA76000EC5C97 /* Resources */,
				D7972D58D2E33EACE21EF66C /* [CP] Embed Pods Frameworks */,
			);
			buildRules = (
			);
			dependencies = (
			);
			name = SuperApp;
			productName = Mod02;
			productReference = BB6E11BB261CA76000EC5C97 /* SuperApp.app */;
			productType = "com.apple.product-type.application";
		};
		BB6E11D3261CA76600EC5C97 /* SuperAppTests */ = {
			isa = PBXNativeTarget;
			buildConfigurationList = BB6E11EB261CA76600EC5C97 /* Build configuration list for PBXNativeTarget "SuperAppTests" */;
			buildPhases = (
				81B475C4EF59C81B9B5CB3B2 /* [CP] Check Pods Manifest.lock */,
				BB6E11D0261CA76600EC5C97 /* Sources */,
				BB6E11D1261CA76600EC5C97 /* Frameworks */,
				BB6E11D2261CA76600EC5C97 /* Resources */,
				66649A3D9A417A457D68DAF7 /* [CP] Embed Pods Frameworks */,
			);
			buildRules = (
			);
			dependencies = (
				BB6E11D6261CA76600EC5C97 /* PBXTargetDependency */,
			);
			name = SuperAppTests;
			productName = Mod02Tests;
			productReference = BB6E11D4261CA76600EC5C97 /* SuperAppTests.xctest */;
			productType = "com.apple.product-type.bundle.unit-test";
		};
		BB6E11DE261CA76600EC5C97 /* SuperAppUITests */ = {
			isa = PBXNativeTarget;
			buildConfigurationList = BB6E11EE261CA76600EC5C97 /* Build configuration list for PBXNativeTarget "SuperAppUITests" */;
			buildPhases = (
				349E9894F3B0D14FA69DE916 /* [CP] Check Pods Manifest.lock */,
				BB6E11DB261CA76600EC5C97 /* Sources */,
				BB6E11DC261CA76600EC5C97 /* Frameworks */,
				BB6E11DD261CA76600EC5C97 /* Resources */,
				B7BA1CE6285C14BA330ADAC3 /* [CP] Embed Pods Frameworks */,
			);
			buildRules = (
			);
			dependencies = (
				BB6E11E1261CA76600EC5C97 /* PBXTargetDependency */,
			);
			name = SuperAppUITests;
			productName = Mod02UITests;
			productReference = BB6E11DF261CA76600EC5C97 /* SuperAppUITests.xctest */;
			productType = "com.apple.product-type.bundle.ui-testing";
		};
/* End PBXNativeTarget section */

/* Begin PBXProject section */
		BB6E11B3261CA76000EC5C97 /* Project object */ = {
			isa = PBXProject;
			attributes = {
				LastSwiftUpdateCheck = 1240;
				LastUpgradeCheck = 1240;
				TargetAttributes = {
					BB6E11BA261CA76000EC5C97 = {
						CreatedOnToolsVersion = 12.4;
					};
					BB6E11D3261CA76600EC5C97 = {
						CreatedOnToolsVersion = 12.4;
						TestTargetID = BB6E11BA261CA76000EC5C97;
					};
					BB6E11DE261CA76600EC5C97 = {
						CreatedOnToolsVersion = 12.4;
						TestTargetID = BB6E11BA261CA76000EC5C97;
					};
				};
			};
			buildConfigurationList = BB6E11B6261CA76000EC5C97 /* Build configuration list for PBXProject "SuperApp" */;
			compatibilityVersion = "Xcode 9.3";
			developmentRegion = en;
			hasScannedForEncodings = 0;
			knownRegions = (
				en,
				Base,
			);
			mainGroup = BB6E11B2261CA76000EC5C97;
			productRefGroup = BB6E11B2261CA76000EC5C97;
			projectDirPath = "";
			projectRoot = "";
			targets = (
				BB6E11BA261CA76000EC5C97 /* SuperApp */,
				BB6E11D3261CA76600EC5C97 /* SuperAppTests */,
				BB6E11DE261CA76600EC5C97 /* SuperAppUITests */,
			);
		};
/* End PBXProject section */

/* Begin PBXResourcesBuildPhase section */
		BB6E11B9261CA76000EC5C97 /* Resources */ = {
			isa = PBXResourcesBuildPhase;
			buildActionMask = 2147483647;
			files = (
				BB6E11FC261CA82400EC5C97 /* ViewEveris.xib in Resources */,
				BB6E11CE261CA76600EC5C97 /* LaunchScreen.storyboard in Resources */,
				BB6E11CB261CA76600EC5C97 /* Assets.xcassets in Resources */,
				BB6E11C6261CA76000EC5C97 /* Main.storyboard in Resources */,
				BB6E1214261CD63C00EC5C97 /* TituloEveris.xib in Resources */,
			);
			runOnlyForDeploymentPostprocessing = 0;
		};
		BB6E11D2261CA76600EC5C97 /* Resources */ = {
			isa = PBXResourcesBuildPhase;
			buildActionMask = 2147483647;
			files = (
			);
			runOnlyForDeploymentPostprocessing = 0;
		};
		BB6E11DD261CA76600EC5C97 /* Resources */ = {
			isa = PBXResourcesBuildPhase;
			buildActionMask = 2147483647;
			files = (
			);
			runOnlyForDeploymentPostprocessing = 0;
		};
/* End PBXResourcesBuildPhase section */

/* Begin PBXShellScriptBuildPhase section */
		349E9894F3B0D14FA69DE916 /* [CP] Check Pods Manifest.lock */ = {
			isa = PBXShellScriptBuildPhase;
			buildActionMask = 2147483647;
			files = (
			);
			inputFileListPaths = (
			);
			inputPaths = (
				"${PODS_PODFILE_DIR_PATH}/Podfile.lock",
				"${PODS_ROOT}/Manifest.lock",
			);
			name = "[CP] Check Pods Manifest.lock";
			outputFileListPaths = (
			);
			outputPaths = (
				"$(DERIVED_FILE_DIR)/Pods-SuperApp-SuperAppUITests-checkManifestLockResult.txt",
			);
			runOnlyForDeploymentPostprocessing = 0;
			shellPath = /bin/sh;
			shellScript = "diff \"${PODS_PODFILE_DIR_PATH}/Podfile.lock\" \"${PODS_ROOT}/Manifest.lock\" > /dev/null\nif [ $? != 0 ] ; then\n    # print error to STDERR\n    echo \"error: The sandbox is not in sync with the Podfile.lock. Run 'pod install' or update your CocoaPods installation.\" >&2\n    exit 1\nfi\n# This output is used by Xcode 'outputs' to avoid re-running this script phase.\necho \"SUCCESS\" > \"${SCRIPT_OUTPUT_FILE_0}\"\n";
			showEnvVarsInLog = 0;
		};
		544A87F1F4B8A56D8FB3CC89 /* [CP] Check Pods Manifest.lock */ = {
			isa = PBXShellScriptBuildPhase;
			buildActionMask = 2147483647;
			files = (
			);
			inputFileListPaths = (
			);
			inputPaths = (
				"${PODS_PODFILE_DIR_PATH}/Podfile.lock",
				"${PODS_ROOT}/Manifest.lock",
			);
			name = "[CP] Check Pods Manifest.lock";
			outputFileListPaths = (
			);
			outputPaths = (
				"$(DERIVED_FILE_DIR)/Pods-SuperApp-checkManifestLockResult.txt",
			);
			runOnlyForDeploymentPostprocessing = 0;
			shellPath = /bin/sh;
			shellScript = "diff \"${PODS_PODFILE_DIR_PATH}/Podfile.lock\" \"${PODS_ROOT}/Manifest.lock\" > /dev/null\nif [ $? != 0 ] ; then\n    # print error to STDERR\n    echo \"error: The sandbox is not in sync with the Podfile.lock. Run 'pod install' or update your CocoaPods installation.\" >&2\n    exit 1\nfi\n# This output is used by Xcode 'outputs' to avoid re-running this script phase.\necho \"SUCCESS\" > \"${SCRIPT_OUTPUT_FILE_0}\"\n";
			showEnvVarsInLog = 0;
		};
		66649A3D9A417A457D68DAF7 /* [CP] Embed Pods Frameworks */ = {
			isa = PBXShellScriptBuildPhase;
			buildActionMask = 2147483647;
			files = (
			);
			inputFileListPaths = (
				"${PODS_ROOT}/Target Support Files/Pods-SuperAppTests/Pods-SuperAppTests-frameworks-${CONFIGURATION}-input-files.xcfilelist",
			);
			name = "[CP] Embed Pods Frameworks";
			outputFileListPaths = (
				"${PODS_ROOT}/Target Support Files/Pods-SuperAppTests/Pods-SuperAppTests-frameworks-${CONFIGURATION}-output-files.xcfilelist",
			);
			runOnlyForDeploymentPostprocessing = 0;
			shellPath = /bin/sh;
			shellScript = "\"${PODS_ROOT}/Target Support Files/Pods-SuperAppTests/Pods-SuperAppTests-frameworks.sh\"\n";
			showEnvVarsInLog = 0;
		};
		81B475C4EF59C81B9B5CB3B2 /* [CP] Check Pods Manifest.lock */ = {
			isa = PBXShellScriptBuildPhase;
			buildActionMask = 2147483647;
			files = (
			);
			inputFileListPaths = (
			);
			inputPaths = (
				"${PODS_PODFILE_DIR_PATH}/Podfile.lock",
				"${PODS_ROOT}/Manifest.lock",
			);
			name = "[CP] Check Pods Manifest.lock";
			outputFileListPaths = (
			);
			outputPaths = (
				"$(DERIVED_FILE_DIR)/Pods-SuperAppTests-checkManifestLockResult.txt",
			);
			runOnlyForDeploymentPostprocessing = 0;
			shellPath = /bin/sh;
			shellScript = "diff \"${PODS_PODFILE_DIR_PATH}/Podfile.lock\" \"${PODS_ROOT}/Manifest.lock\" > /dev/null\nif [ $? != 0 ] ; then\n    # print error to STDERR\n    echo \"error: The sandbox is not in sync with the Podfile.lock. Run 'pod install' or update your CocoaPods installation.\" >&2\n    exit 1\nfi\n# This output is used by Xcode 'outputs' to avoid re-running this script phase.\necho \"SUCCESS\" > \"${SCRIPT_OUTPUT_FILE_0}\"\n";
			showEnvVarsInLog = 0;
		};
		B7BA1CE6285C14BA330ADAC3 /* [CP] Embed Pods Frameworks */ = {
			isa = PBXShellScriptBuildPhase;
			buildActionMask = 2147483647;
			files = (
			);
			inputFileListPaths = (
				"${PODS_ROOT}/Target Support Files/Pods-SuperApp-SuperAppUITests/Pods-SuperApp-SuperAppUITests-frameworks-${CONFIGURATION}-input-files.xcfilelist",
			);
			name = "[CP] Embed Pods Frameworks";
			outputFileListPaths = (
				"${PODS_ROOT}/Target Support Files/Pods-SuperApp-SuperAppUITests/Pods-SuperApp-SuperAppUITests-frameworks-${CONFIGURATION}-output-files.xcfilelist",
			);
			runOnlyForDeploymentPostprocessing = 0;
			shellPath = /bin/sh;
			shellScript = "\"${PODS_ROOT}/Target Support Files/Pods-SuperApp-SuperAppUITests/Pods-SuperApp-SuperAppUITests-frameworks.sh\"\n";
			showEnvVarsInLog = 0;
		};
		D7972D58D2E33EACE21EF66C /* [CP] Embed Pods Frameworks */ = {
			isa = PBXShellScriptBuildPhase;
			buildActionMask = 2147483647;
			files = (
			);
			inputFileListPaths = (
				"${PODS_ROOT}/Target Support Files/Pods-SuperApp/Pods-SuperApp-frameworks-${CONFIGURATION}-input-files.xcfilelist",
			);
			name = "[CP] Embed Pods Frameworks";
			outputFileListPaths = (
				"${PODS_ROOT}/Target Support Files/Pods-SuperApp/Pods-SuperApp-frameworks-${CONFIGURATION}-output-files.xcfilelist",
			);
			runOnlyForDeploymentPostprocessing = 0;
			shellPath = /bin/sh;
			shellScript = "\"${PODS_ROOT}/Target Support Files/Pods-SuperApp/Pods-SuperApp-frameworks.sh\"\n";
			showEnvVarsInLog = 0;
		};
/* End PBXShellScriptBuildPhase section */

/* Begin PBXSourcesBuildPhase section */
		BB6E11B7261CA76000EC5C97 /* Sources */ = {
			isa = PBXSourcesBuildPhase;
			buildActionMask = 2147483647;
			files = (
				BB6E11C9261CA76000EC5C97 /* Mod02.xcdatamodeld in Sources */,
				BB6E11C3261CA76000EC5C97 /* ViewController.swift in Sources */,
				BB885EDE261FA97400D9D8F5 /* TituloEverisProtocols.swift in Sources */,
				BB6E1201261CA83600EC5C97 /* ViewEveris.swift in Sources */,
				BB6E1219261CD64C00EC5C97 /* TituloEveris.swift in Sources */,
				BB6E11BF261CA76000EC5C97 /* AppDelegate.swift in Sources */,
				BB885ED5261FA8C900D9D8F5 /* TituloModeloUI.swift in Sources */,
				BB6E11C1261CA76000EC5C97 /* SceneDelegate.swift in Sources */,
			);
			runOnlyForDeploymentPostprocessing = 0;
		};
		BB6E11D0261CA76600EC5C97 /* Sources */ = {
			isa = PBXSourcesBuildPhase;
			buildActionMask = 2147483647;
			files = (
				BB6E11D9261CA76600EC5C97 /* SuperAppTests.swift in Sources */,
			);
			runOnlyForDeploymentPostprocessing = 0;
		};
		BB6E11DB261CA76600EC5C97 /* Sources */ = {
			isa = PBXSourcesBuildPhase;
			buildActionMask = 2147483647;
			files = (
				BB6E11E4261CA76600EC5C97 /* SuperAppUITests.swift in Sources */,
			);
			runOnlyForDeploymentPostprocessing = 0;
		};
/* End PBXSourcesBuildPhase section */

/* Begin PBXTargetDependency section */
		BB6E11D6261CA76600EC5C97 /* PBXTargetDependency */ = {
			isa = PBXTargetDependency;
			target = BB6E11BA261CA76000EC5C97 /* SuperApp */;
			targetProxy = BB6E11D5261CA76600EC5C97 /* PBXContainerItemProxy */;
		};
		BB6E11E1261CA76600EC5C97 /* PBXTargetDependency */ = {
			isa = PBXTargetDependency;
			target = BB6E11BA261CA76000EC5C97 /* SuperApp */;
			targetProxy = BB6E11E0261CA76600EC5C97 /* PBXContainerItemProxy */;
		};
/* End PBXTargetDependency section */

/* Begin PBXVariantGroup section */
		BB6E11C4261CA76000EC5C97 /* Main.storyboard */ = {
			isa = PBXVariantGroup;
			children = (
				BB6E11C5261CA76000EC5C97 /* Base */,
			);
			name = Main.storyboard;
			sourceTree = "<group>";
		};
		BB6E11CC261CA76600EC5C97 /* LaunchScreen.storyboard */ = {
			isa = PBXVariantGroup;
			children = (
				BB6E11CD261CA76600EC5C97 /* Base */,
			);
			name = LaunchScreen.storyboard;
			sourceTree = "<group>";
		};
/* End PBXVariantGroup section */

/* Begin XCBuildConfiguration section */
		BB6E11E6261CA76600EC5C97 /* Debug */ = {
			isa = XCBuildConfiguration;
			buildSettings = {
				ALWAYS_SEARCH_USER_PATHS = NO;
				CLANG_ANALYZER_NONNULL = YES;
				CLANG_ANALYZER_NUMBER_OBJECT_CONVERSION = YES_AGGRESSIVE;
				CLANG_CXX_LANGUAGE_STANDARD = "gnu++14";
				CLANG_CXX_LIBRARY = "libc++";
				CLANG_ENABLE_MODULES = YES;
				CLANG_ENABLE_OBJC_ARC = YES;
				CLANG_ENABLE_OBJC_WEAK = YES;
				CLANG_WARN_BLOCK_CAPTURE_AUTORELEASING = YES;
				CLANG_WARN_BOOL_CONVERSION = YES;
				CLANG_WARN_COMMA = YES;
				CLANG_WARN_CONSTANT_CONVERSION = YES;
				CLANG_WARN_DEPRECATED_OBJC_IMPLEMENTATIONS = YES;
				CLANG_WARN_DIRECT_OBJC_ISA_USAGE = YES_ERROR;
				CLANG_WARN_DOCUMENTATION_COMMENTS = YES;
				CLANG_WARN_EMPTY_BODY = YES;
				CLANG_WARN_ENUM_CONVERSION = YES;
				CLANG_WARN_INFINITE_RECURSION = YES;
				CLANG_WARN_INT_CONVERSION = YES;
				CLANG_WARN_NON_LITERAL_NULL_CONVERSION = YES;
				CLANG_WARN_OBJC_IMPLICIT_RETAIN_SELF = YES;
				CLANG_WARN_OBJC_LITERAL_CONVERSION = YES;
				CLANG_WARN_OBJC_ROOT_CLASS = YES_ERROR;
				CLANG_WARN_QUOTED_INCLUDE_IN_FRAMEWORK_HEADER = YES;
				CLANG_WARN_RANGE_LOOP_ANALYSIS = YES;
				CLANG_WARN_STRICT_PROTOTYPES = YES;
				CLANG_WARN_SUSPICIOUS_MOVE = YES;
				CLANG_WARN_UNGUARDED_AVAILABILITY = YES_AGGRESSIVE;
				CLANG_WARN_UNREACHABLE_CODE = YES;
				CLANG_WARN__DUPLICATE_METHOD_MATCH = YES;
				COPY_PHASE_STRIP = NO;
				DEBUG_INFORMATION_FORMAT = dwarf;
				ENABLE_STRICT_OBJC_MSGSEND = YES;
				ENABLE_TESTABILITY = YES;
				GCC_C_LANGUAGE_STANDARD = gnu11;
				GCC_DYNAMIC_NO_PIC = NO;
				GCC_NO_COMMON_BLOCKS = YES;
				GCC_OPTIMIZATION_LEVEL = 0;
				GCC_PREPROCESSOR_DEFINITIONS = (
					"DEBUG=1",
					"$(inherited)",
				);
				GCC_WARN_64_TO_32_BIT_CONVERSION = YES;
				GCC_WARN_ABOUT_RETURN_TYPE = YES_ERROR;
				GCC_WARN_UNDECLARED_SELECTOR = YES;
				GCC_WARN_UNINITIALIZED_AUTOS = YES_AGGRESSIVE;
				GCC_WARN_UNUSED_FUNCTION = YES;
				GCC_WARN_UNUSED_VARIABLE = YES;
				IPHONEOS_DEPLOYMENT_TARGET = 14.4;
				MTL_ENABLE_DEBUG_INFO = INCLUDE_SOURCE;
				MTL_FAST_MATH = YES;
				ONLY_ACTIVE_ARCH = YES;
				SDKROOT = iphoneos;
				SWIFT_ACTIVE_COMPILATION_CONDITIONS = DEBUG;
				SWIFT_OPTIMIZATION_LEVEL = "-Onone";
			};
			name = Debug;
		};
		BB6E11E7261CA76600EC5C97 /* Release */ = {
			isa = XCBuildConfiguration;
			buildSettings = {
				ALWAYS_SEARCH_USER_PATHS = NO;
				CLANG_ANALYZER_NONNULL = YES;
				CLANG_ANALYZER_NUMBER_OBJECT_CONVERSION = YES_AGGRESSIVE;
				CLANG_CXX_LANGUAGE_STANDARD = "gnu++14";
				CLANG_CXX_LIBRARY = "libc++";
				CLANG_ENABLE_MODULES = YES;
				CLANG_ENABLE_OBJC_ARC = YES;
				CLANG_ENABLE_OBJC_WEAK = YES;
				CLANG_WARN_BLOCK_CAPTURE_AUTORELEASING = YES;
				CLANG_WARN_BOOL_CONVERSION = YES;
				CLANG_WARN_COMMA = YES;
				CLANG_WARN_CONSTANT_CONVERSION = YES;
				CLANG_WARN_DEPRECATED_OBJC_IMPLEMENTATIONS = YES;
				CLANG_WARN_DIRECT_OBJC_ISA_USAGE = YES_ERROR;
				CLANG_WARN_DOCUMENTATION_COMMENTS = YES;
				CLANG_WARN_EMPTY_BODY = YES;
				CLANG_WARN_ENUM_CONVERSION = YES;
				CLANG_WARN_INFINITE_RECURSION = YES;
				CLANG_WARN_INT_CONVERSION = YES;
				CLANG_WARN_NON_LITERAL_NULL_CONVERSION = YES;
				CLANG_WARN_OBJC_IMPLICIT_RETAIN_SELF = YES;
				CLANG_WARN_OBJC_LITERAL_CONVERSION = YES;
				CLANG_WARN_OBJC_ROOT_CLASS = YES_ERROR;
				CLANG_WARN_QUOTED_INCLUDE_IN_FRAMEWORK_HEADER = YES;
				CLANG_WARN_RANGE_LOOP_ANALYSIS = YES;
				CLANG_WARN_STRICT_PROTOTYPES = YES;
				CLANG_WARN_SUSPICIOUS_MOVE = YES;
				CLANG_WARN_UNGUARDED_AVAILABILITY = YES_AGGRESSIVE;
				CLANG_WARN_UNREACHABLE_CODE = YES;
				CLANG_WARN__DUPLICATE_METHOD_MATCH = YES;
				COPY_PHASE_STRIP = NO;
				DEBUG_INFORMATION_FORMAT = "dwarf-with-dsym";
				ENABLE_NS_ASSERTIONS = NO;
				ENABLE_STRICT_OBJC_MSGSEND = YES;
				GCC_C_LANGUAGE_STANDARD = gnu11;
				GCC_NO_COMMON_BLOCKS = YES;
				GCC_WARN_64_TO_32_BIT_CONVERSION = YES;
				GCC_WARN_ABOUT_RETURN_TYPE = YES_ERROR;
				GCC_WARN_UNDECLARED_SELECTOR = YES;
				GCC_WARN_UNINITIALIZED_AUTOS = YES_AGGRESSIVE;
				GCC_WARN_UNUSED_FUNCTION = YES;
				GCC_WARN_UNUSED_VARIABLE = YES;
				IPHONEOS_DEPLOYMENT_TARGET = 14.4;
				MTL_ENABLE_DEBUG_INFO = NO;
				MTL_FAST_MATH = YES;
				SDKROOT = iphoneos;
				SWIFT_COMPILATION_MODE = wholemodule;
				SWIFT_OPTIMIZATION_LEVEL = "-O";
				VALIDATE_PRODUCT = YES;
			};
			name = Release;
		};
		BB6E11E9261CA76600EC5C97 /* Debug */ = {
			isa = XCBuildConfiguration;
			baseConfigurationReference = D5503E5E96656467F4D2FB2E /* Pods-SuperApp.debug.xcconfig */;
			buildSettings = {
				ASSETCATALOG_COMPILER_APPICON_NAME = AppIcon;
				ASSETCATALOG_COMPILER_GLOBAL_ACCENT_COLOR_NAME = AccentColor;
				CODE_SIGN_STYLE = Automatic;
				DEVELOPMENT_TEAM = M4ZS8R382Z;
				INFOPLIST_FILE = SuperApp/Info.plist;
				LD_RUNPATH_SEARCH_PATHS = (
					"$(inherited)",
					"@executable_path/Frameworks",
				);
				PRODUCT_BUNDLE_IDENTIFIER = bankios.apptest.SuperApp;
				PRODUCT_NAME = "$(TARGET_NAME)";
				SWIFT_VERSION = 5.0;
				TARGETED_DEVICE_FAMILY = "1,2";
			};
			name = Debug;
		};
		BB6E11EA261CA76600EC5C97 /* Release */ = {
			isa = XCBuildConfiguration;
			baseConfigurationReference = 32ED1948C1EE478835FA8F6F /* Pods-SuperApp.release.xcconfig */;
			buildSettings = {
				ASSETCATALOG_COMPILER_APPICON_NAME = AppIcon;
				ASSETCATALOG_COMPILER_GLOBAL_ACCENT_COLOR_NAME = AccentColor;
				CODE_SIGN_STYLE = Automatic;
				DEVELOPMENT_TEAM = M4ZS8R382Z;
				INFOPLIST_FILE = SuperApp/Info.plist;
				LD_RUNPATH_SEARCH_PATHS = (
					"$(inherited)",
					"@executable_path/Frameworks",
				);
				PRODUCT_BUNDLE_IDENTIFIER = bankios.apptest.SuperApp;
				PRODUCT_NAME = "$(TARGET_NAME)";
				SWIFT_VERSION = 5.0;
				TARGETED_DEVICE_FAMILY = "1,2";
			};
			name = Release;
		};
		BB6E11EC261CA76600EC5C97 /* Debug */ = {
			isa = XCBuildConfiguration;
			baseConfigurationReference = 0A988D8098E46EF555A77608 /* Pods-SuperAppTests.debug.xcconfig */;
			buildSettings = {
				ALWAYS_EMBED_SWIFT_STANDARD_LIBRARIES = YES;
				BUNDLE_LOADER = "$(TEST_HOST)";
				CODE_SIGN_STYLE = Automatic;
				DEVELOPMENT_TEAM = M4ZS8R382Z;
				INFOPLIST_FILE = SuperAppTests/Info.plist;
				IPHONEOS_DEPLOYMENT_TARGET = 14.4;
				LD_RUNPATH_SEARCH_PATHS = (
					"$(inherited)",
					"@executable_path/Frameworks",
					"@loader_path/Frameworks",
				);
				PRODUCT_BUNDLE_IDENTIFIER = bankios.apptest.SuperAppTests;
				PRODUCT_NAME = "$(TARGET_NAME)";
				SWIFT_VERSION = 5.0;
				TARGETED_DEVICE_FAMILY = "1,2";
				TEST_HOST = "$(BUILT_PRODUCTS_DIR)/SuperApp.app/SuperApp";
			};
			name = Debug;
		};
		BB6E11ED261CA76600EC5C97 /* Release */ = {
			isa = XCBuildConfiguration;
			baseConfigurationReference = 353A09D61859F38DED284569 /* Pods-SuperAppTests.release.xcconfig */;
			buildSettings = {
				ALWAYS_EMBED_SWIFT_STANDARD_LIBRARIES = YES;
				BUNDLE_LOADER = "$(TEST_HOST)";
				CODE_SIGN_STYLE = Automatic;
				DEVELOPMENT_TEAM = M4ZS8R382Z;
				INFOPLIST_FILE = SuperAppTests/Info.plist;
				IPHONEOS_DEPLOYMENT_TARGET = 14.4;
				LD_RUNPATH_SEARCH_PATHS = (
					"$(inherited)",
					"@executable_path/Frameworks",
					"@loader_path/Frameworks",
				);
				PRODUCT_BUNDLE_IDENTIFIER = bankios.apptest.SuperAppTests;
				PRODUCT_NAME = "$(TARGET_NAME)";
				SWIFT_VERSION = 5.0;
				TARGETED_DEVICE_FAMILY = "1,2";
				TEST_HOST = "$(BUILT_PRODUCTS_DIR)/SuperApp.app/SuperApp";
			};
			name = Release;
		};
		BB6E11EF261CA76600EC5C97 /* Debug */ = {
			isa = XCBuildConfiguration;
			baseConfigurationReference = 23904671BF33942DF07FACBD /* Pods-SuperApp-SuperAppUITests.debug.xcconfig */;
			buildSettings = {
				ALWAYS_EMBED_SWIFT_STANDARD_LIBRARIES = YES;
				CODE_SIGN_STYLE = Automatic;
				DEVELOPMENT_TEAM = M4ZS8R382Z;
				INFOPLIST_FILE = SuperAppUITests/Info.plist;
				LD_RUNPATH_SEARCH_PATHS = (
					"$(inherited)",
					"@executable_path/Frameworks",
					"@loader_path/Frameworks",
				);
				PRODUCT_BUNDLE_IDENTIFIER = bankios.apptest.SuperAppUITests;
				PRODUCT_NAME = "$(TARGET_NAME)";
				SWIFT_VERSION = 5.0;
				TARGETED_DEVICE_FAMILY = "1,2";
				TEST_TARGET_NAME = SuperApp;
			};
			name = Debug;
		};
		BB6E11F0261CA76600EC5C97 /* Release */ = {
			isa = XCBuildConfiguration;
			baseConfigurationReference = CD5996085EFB50EE34C99768 /* Pods-SuperApp-SuperAppUITests.release.xcconfig */;
			buildSettings = {
				ALWAYS_EMBED_SWIFT_STANDARD_LIBRARIES = YES;
				CODE_SIGN_STYLE = Automatic;
				DEVELOPMENT_TEAM = M4ZS8R382Z;
				INFOPLIST_FILE = SuperAppUITests/Info.plist;
				LD_RUNPATH_SEARCH_PATHS = (
					"$(inherited)",
					"@executable_path/Frameworks",
					"@loader_path/Frameworks",
				);
				PRODUCT_BUNDLE_IDENTIFIER = bankios.apptest.SuperAppUITests;
				PRODUCT_NAME = "$(TARGET_NAME)";
				SWIFT_VERSION = 5.0;
				TARGETED_DEVICE_FAMILY = "1,2";
				TEST_TARGET_NAME = SuperApp;
			};
			name = Release;
		};
/* End XCBuildConfiguration section */

/* Begin XCConfigurationList section */
		BB6E11B6261CA76000EC5C97 /* Build configuration list for PBXProject "SuperApp" */ = {
			isa = XCConfigurationList;
			buildConfigurations = (
				BB6E11E6261CA76600EC5C97 /* Debug */,
				BB6E11E7261CA76600EC5C97 /* Release */,
			);
			defaultConfigurationIsVisible = 0;
			defaultConfigurationName = Release;
		};
		BB6E11E8261CA76600EC5C97 /* Build configuration list for PBXNativeTarget "SuperApp" */ = {
			isa = XCConfigurationList;
			buildConfigurations = (
				BB6E11E9261CA76600EC5C97 /* Debug */,
				BB6E11EA261CA76600EC5C97 /* Release */,
			);
			defaultConfigurationIsVisible = 0;
			defaultConfigurationName = Release;
		};
		BB6E11EB261CA76600EC5C97 /* Build configuration list for PBXNativeTarget "SuperAppTests" */ = {
			isa = XCConfigurationList;
			buildConfigurations = (
				BB6E11EC261CA76600EC5C97 /* Debug */,
				BB6E11ED261CA76600EC5C97 /* Release */,
			);
			defaultConfigurationIsVisible = 0;
			defaultConfigurationName = Release;
		};
		BB6E11EE261CA76600EC5C97 /* Build configuration list for PBXNativeTarget "SuperAppUITests" */ = {
			isa = XCConfigurationList;
			buildConfigurations = (
				BB6E11EF261CA76600EC5C97 /* Debug */,
				BB6E11F0261CA76600EC5C97 /* Release */,
			);
			defaultConfigurationIsVisible = 0;
			defaultConfigurationName = Release;
		};
/* End XCConfigurationList section */

/* Begin XCVersionGroup section */
		BB6E11C7261CA76000EC5C97 /* Mod02.xcdatamodeld */ = {
			isa = XCVersionGroup;
			children = (
				BB6E11C8261CA76000EC5C97 /* Mod02.xcdatamodel */,
			);
			currentVersion = BB6E11C8261CA76000EC5C97 /* Mod02.xcdatamodel */;
			path = Mod02.xcdatamodeld;
			sourceTree = "<group>";
			versionGroupType = wrapper.xcdatamodel;
		};
/* End XCVersionGroup section */
	};
	rootObject = BB6E11B3261CA76000EC5C97 /* Project object */;
}
